{
	"requires": true,
	"lockfileVersion": 1,
	"dependencies": {
		"matter-js": {
			"version": "0.14.1",
			"resolved": "https://registry.npmjs.org/matter-js/-/matter-js-0.14.1.tgz",
			"integrity": "sha512-qbPBf5NpjPfNlxiRXpoJHAnMMF4WNP22mRhkas0hsUnVTztFBt3QpxRChEws4j1YuaH2bCXEd2i4qmRwADqyuA=="
		},
		"nativescript-accelerometer": {
			"version": "2.0.1",
			"resolved": "https://registry.npmjs.org/nativescript-accelerometer/-/nativescript-accelerometer-2.0.1.tgz",
			"integrity": "sha1-7u7rDi5UfcMbcrpZa2iHw6RsJ2E="
		},
		"nativescript-loading-indicator": {
			"version": "2.4.0",
			"resolved": "https://registry.npmjs.org/nativescript-loading-indicator/-/nativescript-loading-indicator-2.4.0.tgz",
			"integrity": "sha512-AsxtMsdezx6a+1zGDT0hkrZ3GLx2QPa7sHk43BMcO/inor8ElRktNV9T0ylIZgLwt7AAa814sSiPW1GPi0hduw=="
		},
		"nativescript-physics-js": {
			"version": "2.0.1",
			"resolved": "https://registry.npmjs.org/nativescript-physics-js/-/nativescript-physics-js-2.0.1.tgz",
			"integrity": "sha512-L5GpRcZ8URviMXzwymVM5BPMtuMLv3YnWAn/R0dmfK2px3dd9JKPG/6cxwanNFenYaCJ9drC1hceAKWtnDLumA=="
		},
		"nativescript-theme-core": {
			"version": "1.0.4",
			"resolved": "https://registry.npmjs.org/nativescript-theme-core/-/nativescript-theme-core-1.0.4.tgz",
			"integrity": "sha1-zyiAx/vy/l9D4iNdMJdQeQgD7+E="
		},
		"nativescript-webview-interface": {
			"version": "1.4.2",
			"resolved": "https://registry.npmjs.org/nativescript-webview-interface/-/nativescript-webview-interface-1.4.2.tgz",
			"integrity": "sha512-WU1ineyxptr/sKIATuYSkf5q/iLhDHhLBH09viN+LTg4xCStTNm1qVvIzFCxSdlHdM8qlFzbpcPugPtp+HRszA=="
		},
		"tns-core-modules": {
			"version": "3.4.1",
			"resolved": "https://registry.npmjs.org/tns-core-modules/-/tns-core-modules-3.4.1.tgz",
			"integrity": "sha512-sz/yTmoW7WyDPpr4JEC+trlfiEI14X365jGF//tMCT/G6ISzANr43wc17fgbGH1UA1XbKzujbAl0xPNssRHVUA==",
			"requires": {
				"tns-core-modules-widgets": "3.4.0"
			}
		},
		"tns-core-modules-widgets": {
			"version": "3.4.0",
			"resolved": "https://registry.npmjs.org/tns-core-modules-widgets/-/tns-core-modules-widgets-3.4.0.tgz",
			"integrity": "sha512-WEtjDRTjjKB+C1NhY1CJSNyhK9DPCYzBgM+yKgq5AmphK/QdQEMAP1U2ttOv8yWWfsvLZGOnzyLCzcyeoG0Gfw=="
		}
	}
}
